{
  "name": "mathcommands",
  "version": "0.0.2",
  "lockfileVersion": 2,
  "requires": true,
  "packages": {
    "": {
      "name": "mathcommands",
      "version": "0.0.2",
      "license": "ISC",
      "bin": {
        "add": "bin/add.js",
        "divide": "bin/divide.js",
        "multiply": "bin/multiply.js",
        "solve": "bin/solve.js",
        "subtract": "bin/subtract.js"
      }
    }
  }
}
